
Microsoft Visual Studio Solution File, Format Version 12.00
# Visual Studio Version 17
VisualStudioVersion = 17.1.32421.90
MinimumVisualStudioVersion = 10.0.40219.1
Project("{FAE04EC0-301F-11D3-BF4B-00C04F79EFBC}") = "QuanLyLopHoc", "QuanLyLopHoc\QuanLyLopHoc.csproj", "{22892AA4-AB73-4842-9BB4-15763D266AAD}"
EndProject
Global
	GlobalSection(SolutionConfigurationPlatforms) = preSolution
		Debug|Any CPU = Debug|Any CPU
		Release|Any CPU = Release|Any CPU
	EndGlobalSection
	GlobalSection(ProjectConfigurationPlatforms) = postSolution
		{22892AA4-AB73-4842-9BB4-15763D266AAD}.Debug|Any CPU.ActiveCfg = Debug|Any CPU
		{22892AA4-AB73-4842-9BB4-15763D266AAD}.Debug|Any CPU.Build.0 = Debug|Any CPU
		{22892AA4-AB73-4842-9BB4-15763D266AAD}.Release|Any CPU.ActiveCfg = Release|Any CPU
		{22892AA4-AB73-4842-9BB4-15763D266AAD}.Release|Any CPU.Build.0 = Release|Any CPU
	EndGlobalSection
	GlobalSection(SolutionProperties) = preSolution
		HideSolutionNode = FALSE
	EndGlobalSection
	GlobalSection(ExtensibilityGlobals) = postSolution
		SolutionGuid = {0F55E7E0-9E1F-4262-A5FD-03684DD4744C}
	EndGlobalSection
EndGlobal
